
Microsoft Visual Studio Solution File, Format Version 12.00
# Visual Studio 15
VisualStudioVersion = 15.0.28307.489
MinimumVisualStudioVersion = 10.0.40219.1
Project("{FAE04EC0-301F-11D3-BF4B-00C04F79EFBC}") = "EditorGrafos", "EditorGrafos\EditorGrafos.csproj", "{C52BB0D1-ADF0-4A73-921F-D56481BD3AB5}"
EndProject
Global
	GlobalSection(SolutionConfigurationPlatforms) = preSolution
		Debug|Any CPU = Debug|Any CPU
		Release|Any CPU = Release|Any CPU
	EndGlobalSection
	GlobalSection(ProjectConfigurationPlatforms) = postSolution
		{C52BB0D1-ADF0-4A73-921F-D56481BD3AB5}.Debug|Any CPU.ActiveCfg = Debug|Any CPU
		{C52BB0D1-ADF0-4A73-921F-D56481BD3AB5}.Debug|Any CPU.Build.0 = Debug|Any CPU
		{C52BB0D1-ADF0-4A73-921F-D56481BD3AB5}.Release|Any CPU.ActiveCfg = Release|Any CPU
		{C52BB0D1-ADF0-4A73-921F-D56481BD3AB5}.Release|Any CPU.Build.0 = Release|Any CPU
	EndGlobalSection
	GlobalSection(SolutionProperties) = preSolution
		HideSolutionNode = FALSE
	EndGlobalSection
	GlobalSection(ExtensibilityGlobals) = postSolution
		SolutionGuid = {FE47B170-4E60-4323-844D-75283F880335}
	EndGlobalSection
EndGlobal
